
Microsoft Visual Studio Solution File, Format Version 12.00
# Visual Studio Version 16
VisualStudioVersion = 16.0.30114.105
MinimumVisualStudioVersion = 10.0.40219.1
Project("{FAE04EC0-301F-11D3-BF4B-00C04F79EFBC}") = "Toolbelt.Blazor.InvokeDownloadAsync.Test", "Toolbelt.Blazor.InvokeDownloadAsync.Test.csproj", "{DAC947C7-5E9E-4319-A567-430E80DB918F}"
EndProject
Global
	GlobalSection(SolutionConfigurationPlatforms) = preSolution
		Debug|Any CPU = Debug|Any CPU
		Release|Any CPU = Release|Any CPU
	EndGlobalSection
	GlobalSection(SolutionProperties) = preSolution
		HideSolutionNode = FALSE
	EndGlobalSection
	GlobalSection(ProjectConfigurationPlatforms) = postSolution
		{DAC947C7-5E9E-4319-A567-430E80DB918F}.Debug|Any CPU.ActiveCfg = Debug|Any CPU
		{DAC947C7-5E9E-4319-A567-430E80DB918F}.Debug|Any CPU.Build.0 = Debug|Any CPU
		{DAC947C7-5E9E-4319-A567-430E80DB918F}.Release|Any CPU.ActiveCfg = Release|Any CPU
		{DAC947C7-5E9E-4319-A567-430E80DB918F}.Release|Any CPU.Build.0 = Release|Any CPU
	EndGlobalSection
EndGlobal
